
Microsoft Visual Studio Solution File, Format Version 12.00
# Visual Studio Version 16
VisualStudioVersion = 16.0.30804.86
MinimumVisualStudioVersion = 10.0.40219.1
Project("{FAE04EC0-301F-11D3-BF4B-00C04F79EFBC}") = "WecomMessageIntegration", "WecomMessageIntegration.csproj", "{66D18409-8AF5-4682-BE12-961D19A830D5}"
EndProject
Global
	GlobalSection(SolutionConfigurationPlatforms) = preSolution
		Debug|Any CPU = Debug|Any CPU
		Release|Any CPU = Release|Any CPU
	EndGlobalSection
	GlobalSection(ProjectConfigurationPlatforms) = postSolution
		{66D18409-8AF5-4682-BE12-961D19A830D5}.Debug|Any CPU.ActiveCfg = Debug|Any CPU
		{66D18409-8AF5-4682-BE12-961D19A830D5}.Debug|Any CPU.Build.0 = Debug|Any CPU
		{66D18409-8AF5-4682-BE12-961D19A830D5}.Release|Any CPU.ActiveCfg = Release|Any CPU
		{66D18409-8AF5-4682-BE12-961D19A830D5}.Release|Any CPU.Build.0 = Release|Any CPU
	EndGlobalSection
	GlobalSection(SolutionProperties) = preSolution
		HideSolutionNode = FALSE
	EndGlobalSection
	GlobalSection(ExtensibilityGlobals) = postSolution
		SolutionGuid = {C478B4D9-E641-4B49-B0BF-0ED772581687}
	EndGlobalSection
EndGlobal
